<?xml version="1.0" encoding="utf-8"?>
<Project ToolsVersion="4.0" xmlns="http://schemas.microsoft.com/developer/msbuild/2003">
  <ItemGroup>
    <ClCompile Include="iiv_mon.cpp" />
    <ClCompile Include="..\..\lsMisc\DebugMacro.cpp">
      <Filter>lsMisc</Filter>
    </ClCompile>
    <ClCompile Include="..\..\lsMisc\GetAllClipboardFormats.cpp">
      <Filter>lsMisc</Filter>
    </ClCompile>
    <ClCompile Include="..\..\lsMisc\GetLastErrorString.cpp">
      <Filter>lsMisc</Filter>
    </ClCompile>
    <ClCompile Include="..\..\lsMisc\stdosd\stdosd.cpp">
      <Filter>lsMisc</Filter>
    </ClCompile>
    <ClCompile Include="..\..\lsMisc\stdosd\stdosd_win.cpp">
      <Filter>lsMisc</Filter>
    </ClCompile>
    <ClCompile Include="..\..\lsMisc\SaveClipboardImageToFile.cpp">
      <Filter>lsMisc</Filter>
    </ClCompile>
    <ClCompile Include="..\..\lsMisc\GetUnexistingFile.cpp">
      <Filter>lsMisc</Filter>
    </ClCompile>
  </ItemGroup>
  <ItemGroup>
    <ClInclude Include="..\..\lsMisc\AnyCloser.h">
      <Filter>lsMisc</Filter>
    </ClInclude>
    <ClInclude Include="..\..\lsMisc\DebugMacro.h">
      <Filter>lsMisc</Filter>
    </ClInclude>
    <ClInclude Include="..\..\lsMisc\GetAllClipboardFormats.h">
      <Filter>lsMisc</Filter>
    </ClInclude>
    <ClInclude Include="..\..\lsMisc\GetLastErrorString.h">
      <Filter>lsMisc</Filter>
    </ClInclude>
    <ClInclude Include="iiv_mon.h" />
    <ClInclude Include="..\..\lsMisc\stdosd\stdosd.h">
      <Filter>lsMisc</Filter>
    </ClInclude>
    <ClInclude Include="..\..\lsMisc\stdosd\stdosd_exception.h">
      <Filter>lsMisc</Filter>
    </ClInclude>
    <ClInclude Include="..\..\lsMisc\stdosd\stdosd_literal.h">
      <Filter>lsMisc</Filter>
    </ClInclude>
    <ClInclude Include="..\..\lsMisc\SaveClipboardImageToFile.h">
      <Filter>lsMisc</Filter>
    </ClInclude>
    <ClInclude Include="..\..\lsMisc\GetUnexistingFile.h">
      <Filter>lsMisc</Filter>
    </ClInclude>
  </ItemGroup>
  <ItemGroup>
    <Filter Include="lsMisc">
      <UniqueIdentifier>{dd1b0654-9795-448d-9ac8-b7fa5388434e}</UniqueIdentifier>
    </Filter>
  </ItemGroup>
</Project>